
Microsoft Visual Studio Solution File, Format Version 12.00
# Visual Studio Version 16
VisualStudioVersion = 16.0.30611.23
MinimumVisualStudioVersion = 10.0.40219.1
Project("{FAE04EC0-301F-11D3-BF4B-00C04F79EFBC}") = "ConsoleApp1", "ConsoleApp1\ConsoleApp1.csproj", "{D2440AAA-2EF7-4B06-9B91-76C87FFBD0F1}"
EndProject
Project("{D954291E-2A0B-460D-934E-DC6B0785DB48}") = "Eruru.Json For Shared Project", "Eruru.Json For Shared Project\Eruru.Json For Shared Project.shproj", "{0D2015D5-1A78-4E35-BBA3-5095D07FDE1C}"
EndProject
Project("{FAE04EC0-301F-11D3-BF4B-00C04F79EFBC}") = "WindowsFormsApp1", "WindowsFormsApp1\WindowsFormsApp1.csproj", "{B4221D1A-0086-429C-BD4A-C7B980A456BD}"
EndProject
Project("{FAE04EC0-301F-11D3-BF4B-00C04F79EFBC}") = "UnitTestProject1", "UnitTestProject1\UnitTestProject1.csproj", "{58E29772-832B-446B-9CF5-C2DB05D9569F}"
EndProject
Project("{FAE04EC0-301F-11D3-BF4B-00C04F79EFBC}") = "Eruru.Json", "Eruru.Json\Eruru.Json.csproj", "{C71484F3-915C-4997-B688-2CBFF1EDFC94}"
EndProject
Global
	GlobalSection(SharedMSBuildProjectFiles) = preSolution
		Eruru.Json For Shared Project\Eruru.Json For Shared Project.projitems*{0d2015d5-1a78-4e35-bba3-5095d07fde1c}*SharedItemsImports = 13
		Eruru.Json For Shared Project\Eruru.Json For Shared Project.projitems*{c71484f3-915c-4997-b688-2cbff1edfc94}*SharedItemsImports = 5
	EndGlobalSection
	GlobalSection(SolutionConfigurationPlatforms) = preSolution
		Debug|Any CPU = Debug|Any CPU
		Release|Any CPU = Release|Any CPU
	EndGlobalSection
	GlobalSection(ProjectConfigurationPlatforms) = postSolution
		{D2440AAA-2EF7-4B06-9B91-76C87FFBD0F1}.Debug|Any CPU.ActiveCfg = Debug|Any CPU
		{D2440AAA-2EF7-4B06-9B91-76C87FFBD0F1}.Debug|Any CPU.Build.0 = Debug|Any CPU
		{D2440AAA-2EF7-4B06-9B91-76C87FFBD0F1}.Release|Any CPU.ActiveCfg = Release|Any CPU
		{D2440AAA-2EF7-4B06-9B91-76C87FFBD0F1}.Release|Any CPU.Build.0 = Release|Any CPU
		{B4221D1A-0086-429C-BD4A-C7B980A456BD}.Debug|Any CPU.ActiveCfg = Debug|Any CPU
		{B4221D1A-0086-429C-BD4A-C7B980A456BD}.Debug|Any CPU.Build.0 = Debug|Any CPU
		{B4221D1A-0086-429C-BD4A-C7B980A456BD}.Release|Any CPU.ActiveCfg = Release|Any CPU
		{B4221D1A-0086-429C-BD4A-C7B980A456BD}.Release|Any CPU.Build.0 = Release|Any CPU
		{58E29772-832B-446B-9CF5-C2DB05D9569F}.Debug|Any CPU.ActiveCfg = Debug|Any CPU
		{58E29772-832B-446B-9CF5-C2DB05D9569F}.Debug|Any CPU.Build.0 = Debug|Any CPU
		{58E29772-832B-446B-9CF5-C2DB05D9569F}.Release|Any CPU.ActiveCfg = Release|Any CPU
		{58E29772-832B-446B-9CF5-C2DB05D9569F}.Release|Any CPU.Build.0 = Release|Any CPU
		{C71484F3-915C-4997-B688-2CBFF1EDFC94}.Debug|Any CPU.ActiveCfg = Debug|Any CPU
		{C71484F3-915C-4997-B688-2CBFF1EDFC94}.Debug|Any CPU.Build.0 = Debug|Any CPU
		{C71484F3-915C-4997-B688-2CBFF1EDFC94}.Release|Any CPU.ActiveCfg = Release|Any CPU
		{C71484F3-915C-4997-B688-2CBFF1EDFC94}.Release|Any CPU.Build.0 = Release|Any CPU
	EndGlobalSection
	GlobalSection(SolutionProperties) = preSolution
		HideSolutionNode = FALSE
	EndGlobalSection
	GlobalSection(ExtensibilityGlobals) = postSolution
		SolutionGuid = {C8CA799B-4C63-4073-AF41-310B7B72DF5A}
	EndGlobalSection
EndGlobal
